
Microsoft Visual Studio Solution File, Format Version 12.00
# Visual Studio Version 16
VisualStudioVersion = 16.0.29201.188
MinimumVisualStudioVersion = 10.0.40219.1
Project("{888888A0-9F3D-457C-B088-3A5042F75D52}") = "RhythmCrush", "RhythmCrush.pyproj", "{414B90F6-0A1F-4D10-A349-0F188AF5289A}"
EndProject
Global
	GlobalSection(SolutionConfigurationPlatforms) = preSolution
		Debug|Any CPU = Debug|Any CPU
		Release|Any CPU = Release|Any CPU
	EndGlobalSection
	GlobalSection(ProjectConfigurationPlatforms) = postSolution
		{414B90F6-0A1F-4D10-A349-0F188AF5289A}.Debug|Any CPU.ActiveCfg = Debug|Any CPU
		{414B90F6-0A1F-4D10-A349-0F188AF5289A}.Release|Any CPU.ActiveCfg = Release|Any CPU
	EndGlobalSection
	GlobalSection(SolutionProperties) = preSolution
		HideSolutionNode = FALSE
	EndGlobalSection
	GlobalSection(ExtensibilityGlobals) = postSolution
		SolutionGuid = {D831F28F-BCE1-4119-BF67-BF5839E61B02}
	EndGlobalSection
EndGlobal
